
Microsoft Visual Studio Solution File, Format Version 12.00
# Visual Studio Version 17
VisualStudioVersion = 17.4.33213.308
MinimumVisualStudioVersion = 10.0.40219.1
Project("{FAE04EC0-301F-11D3-BF4B-00C04F79EFBC}") = "WCF_Tracking_Vaksin_Proyek_try", "WCF_Tracking_Vaksin_Proyek_try\WCF_Tracking_Vaksin_Proyek_try.csproj", "{9E5A788C-2B18-4A0C-B48F-D323B9DBFAE9}"
EndProject
Global
	GlobalSection(SolutionConfigurationPlatforms) = preSolution
		Debug|Any CPU = Debug|Any CPU
		Release|Any CPU = Release|Any CPU
	EndGlobalSection
	GlobalSection(ProjectConfigurationPlatforms) = postSolution
		{9E5A788C-2B18-4A0C-B48F-D323B9DBFAE9}.Debug|Any CPU.ActiveCfg = Debug|Any CPU
		{9E5A788C-2B18-4A0C-B48F-D323B9DBFAE9}.Debug|Any CPU.Build.0 = Debug|Any CPU
		{9E5A788C-2B18-4A0C-B48F-D323B9DBFAE9}.Release|Any CPU.ActiveCfg = Release|Any CPU
		{9E5A788C-2B18-4A0C-B48F-D323B9DBFAE9}.Release|Any CPU.Build.0 = Release|Any CPU
	EndGlobalSection
	GlobalSection(SolutionProperties) = preSolution
		HideSolutionNode = FALSE
	EndGlobalSection
	GlobalSection(ExtensibilityGlobals) = postSolution
		SolutionGuid = {BC05E3B6-6EC1-4875-BA7A-A4217ABE981C}
	EndGlobalSection
EndGlobal
